
Microsoft Visual Studio Solution File, Format Version 12.00
# Visual Studio 15
VisualStudioVersion = 15.0.27130.2026
MinimumVisualStudioVersion = 10.0.40219.1
Project("{FAE04EC0-301F-11D3-BF4B-00C04F79EFBC}") = "LotteryHomework", "LotteryHomework\LotteryHomework.csproj", "{A7388162-8755-4CDC-8FC1-994EE9B56BF9}"
EndProject
Global
	GlobalSection(SolutionConfigurationPlatforms) = preSolution
		Debug|Any CPU = Debug|Any CPU
		Release|Any CPU = Release|Any CPU
	EndGlobalSection
	GlobalSection(ProjectConfigurationPlatforms) = postSolution
		{A7388162-8755-4CDC-8FC1-994EE9B56BF9}.Debug|Any CPU.ActiveCfg = Debug|Any CPU
		{A7388162-8755-4CDC-8FC1-994EE9B56BF9}.Debug|Any CPU.Build.0 = Debug|Any CPU
		{A7388162-8755-4CDC-8FC1-994EE9B56BF9}.Release|Any CPU.ActiveCfg = Release|Any CPU
		{A7388162-8755-4CDC-8FC1-994EE9B56BF9}.Release|Any CPU.Build.0 = Release|Any CPU
	EndGlobalSection
	GlobalSection(SolutionProperties) = preSolution
		HideSolutionNode = FALSE
	EndGlobalSection
	GlobalSection(ExtensibilityGlobals) = postSolution
		SolutionGuid = {55F32CD2-BB3E-4C00-8AA4-D2DF0A97AC02}
	EndGlobalSection
EndGlobal
